
Microsoft Visual Studio Solution File, Format Version 12.00
# Visual Studio Version 16
VisualStudioVersion = 16.0.30907.101
MinimumVisualStudioVersion = 10.0.40219.1
Project("{FAE04EC0-301F-11D3-BF4B-00C04F79EFBC}") = "WendigoJaegerTranslationTool", "WendigoJaegerTranslationTool\WendigoJaegerTranslationTool.csproj", "{7906DB7A-668D-4466-A77C-A0EA86119CE6}"
EndProject
Project("{FAE04EC0-301F-11D3-BF4B-00C04F79EFBC}") = "LibWendigoJaegerTranslationTool", "LibWendigoJaegerTranslationTool\LibWendigoJaegerTranslationTool.csproj", "{5F48359C-D9F5-4701-AFA8-8B5BCE904499}"
EndProject
Global
	GlobalSection(SolutionConfigurationPlatforms) = preSolution
		Debug|Any CPU = Debug|Any CPU
		Release|Any CPU = Release|Any CPU
	EndGlobalSection
	GlobalSection(ProjectConfigurationPlatforms) = postSolution
		{7906DB7A-668D-4466-A77C-A0EA86119CE6}.Debug|Any CPU.ActiveCfg = Debug|Any CPU
		{7906DB7A-668D-4466-A77C-A0EA86119CE6}.Debug|Any CPU.Build.0 = Debug|Any CPU
		{7906DB7A-668D-4466-A77C-A0EA86119CE6}.Release|Any CPU.ActiveCfg = Release|Any CPU
		{7906DB7A-668D-4466-A77C-A0EA86119CE6}.Release|Any CPU.Build.0 = Release|Any CPU
		{5F48359C-D9F5-4701-AFA8-8B5BCE904499}.Debug|Any CPU.ActiveCfg = Debug|Any CPU
		{5F48359C-D9F5-4701-AFA8-8B5BCE904499}.Debug|Any CPU.Build.0 = Debug|Any CPU
		{5F48359C-D9F5-4701-AFA8-8B5BCE904499}.Release|Any CPU.ActiveCfg = Release|Any CPU
		{5F48359C-D9F5-4701-AFA8-8B5BCE904499}.Release|Any CPU.Build.0 = Release|Any CPU
	EndGlobalSection
	GlobalSection(SolutionProperties) = preSolution
		HideSolutionNode = FALSE
	EndGlobalSection
	GlobalSection(ExtensibilityGlobals) = postSolution
		SolutionGuid = {8ACFDE07-BD45-44B7-853F-00840B86AE58}
	EndGlobalSection
EndGlobal
